{
  "version": "5",
  "specifiers": {
    "jsr:@std/internal@^1.0.12": "1.0.12",
    "jsr:@std/path@^1.1.4": "1.1.4",
    "npm:@agentclientprotocol/sdk@*": "0.18.0_zod@4.3.6",
    "npm:js-tiktoken@*": "1.0.21",
    "npm:typebox@^1.1.32": "1.1.32"
  },
  "jsr": {
    "@std/internal@1.0.12": {
      "integrity": "972a634fd5bc34b242024402972cd5143eac68d8dffaca5eaa4dba30ce17b027"
    },
    "@std/path@1.1.4": {
      "integrity": "1d2d43f39efb1b42f0b1882a25486647cb851481862dc7313390b2bb044314b5",
      "dependencies": [
        "jsr:@std/internal"
      ]
    }
  },
  "npm": {
    "@agentclientprotocol/sdk@0.18.0_zod@4.3.6": {
      "integrity": "sha512-JQGEi3EetQ38DLPpYxxnnz1fyo1/3qQEkKfUmj4JfiOJCEtjGWQ0nl54IH4LZceO7zIOrtUUxc+2cJRQbBOChA==",
      "dependencies": [
        "zod"
      ]
    },
    "base64-js@1.5.1": {
      "integrity": "sha512-AKpaYlHn8t4SVbOHCy+b5+KKgvR4vrsD8vbvrbiQJps7fKDTkjkDry6ji0rUJjC0kzbNePLwzxq8iypo41qeWA=="
    },
    "js-tiktoken@1.0.21": {
      "integrity": "sha512-biOj/6M5qdgx5TKjDnFT1ymSpM5tbd3ylwDtrQvFQSu0Z7bBYko2dF+W/aUkXUPuk6IVpRxk/3Q2sHOzGlS36g==",
      "dependencies": [
        "base64-js"
      ]
    },
    "typebox@1.1.32": {
      "integrity": "sha512-cbGoj7BCxGcFDJ/RR7wbyMe9IkO2SeNhwLdZWQ+xRtun9+ze9iM1pBND4SoFAxgonuJYrCIWnEQ7sE4bMVDYHA=="
    },
    "zod@4.3.6": {
      "integrity": "sha512-rftlrkhHZOcjDwkGlnUtZZkvaPHCsDATp4pGpuOOMDaTdDDXF91wuVDJoWoPsKX/3YPQ5fHuF3STjcYyKr+Qhg=="
    }
  },
  "workspace": {
    "dependencies": [
      "jsr:@std/path@^1.1.4",
      "npm:typebox@^1.1.32"
    ]
  }
}
